
Microsoft Visual Studio Solution File, Format Version 12.00
# Visual Studio Version 17
VisualStudioVersion = 17.5.33516.290
MinimumVisualStudioVersion = 10.0.40219.1
Project("{FAE04EC0-301F-11D3-BF4B-00C04F79EFBC}") = "Pokemons", "Pokemons\Pokemons.csproj", "{A221A413-B83D-47C4-8FF6-BB84753C1CF0}"
EndProject
Project("{FAE04EC0-301F-11D3-BF4B-00C04F79EFBC}") = "Dominio", "Dominio\Dominio.csproj", "{48FD2FB6-1550-4871-B45A-300EDA29CD61}"
EndProject
Project("{FAE04EC0-301F-11D3-BF4B-00C04F79EFBC}") = "Negocio", "Negocio\Negocio.csproj", "{DDA63F8C-94DD-488D-A5EF-E392CF449C8F}"
EndProject
Global
	GlobalSection(SolutionConfigurationPlatforms) = preSolution
		Debug|Any CPU = Debug|Any CPU
		Release|Any CPU = Release|Any CPU
	EndGlobalSection
	GlobalSection(ProjectConfigurationPlatforms) = postSolution
		{A221A413-B83D-47C4-8FF6-BB84753C1CF0}.Debug|Any CPU.ActiveCfg = Debug|Any CPU
		{A221A413-B83D-47C4-8FF6-BB84753C1CF0}.Debug|Any CPU.Build.0 = Debug|Any CPU
		{A221A413-B83D-47C4-8FF6-BB84753C1CF0}.Release|Any CPU.ActiveCfg = Release|Any CPU
		{A221A413-B83D-47C4-8FF6-BB84753C1CF0}.Release|Any CPU.Build.0 = Release|Any CPU
		{48FD2FB6-1550-4871-B45A-300EDA29CD61}.Debug|Any CPU.ActiveCfg = Debug|Any CPU
		{48FD2FB6-1550-4871-B45A-300EDA29CD61}.Debug|Any CPU.Build.0 = Debug|Any CPU
		{48FD2FB6-1550-4871-B45A-300EDA29CD61}.Release|Any CPU.ActiveCfg = Release|Any CPU
		{48FD2FB6-1550-4871-B45A-300EDA29CD61}.Release|Any CPU.Build.0 = Release|Any CPU
		{DDA63F8C-94DD-488D-A5EF-E392CF449C8F}.Debug|Any CPU.ActiveCfg = Debug|Any CPU
		{DDA63F8C-94DD-488D-A5EF-E392CF449C8F}.Debug|Any CPU.Build.0 = Debug|Any CPU
		{DDA63F8C-94DD-488D-A5EF-E392CF449C8F}.Release|Any CPU.ActiveCfg = Release|Any CPU
		{DDA63F8C-94DD-488D-A5EF-E392CF449C8F}.Release|Any CPU.Build.0 = Release|Any CPU
	EndGlobalSection
	GlobalSection(SolutionProperties) = preSolution
		HideSolutionNode = FALSE
	EndGlobalSection
	GlobalSection(ExtensibilityGlobals) = postSolution
		SolutionGuid = {9422238B-C10B-45E8-A343-0D7F6373E049}
	EndGlobalSection
EndGlobal
